
Microsoft Visual Studio Solution File, Format Version 12.00
# Visual Studio Version 17
VisualStudioVersion = 17.5.33424.131
MinimumVisualStudioVersion = 10.0.40219.1
Project("{9A19103F-16F7-4668-BE54-9A1E7A4F7556}") = "EddyProject.API", "EddyProject.API\EddyProject.API.csproj", "{8C28D614-D235-4289-BCCF-5265C4C5283A}"
EndProject
Project("{FAE04EC0-301F-11D3-BF4B-00C04F79EFBC}") = "Eddyproject.Business", "Eddyproject.Business\Eddyproject.Business.csproj", "{46511698-8789-4850-BA38-5D89D3E940F7}"
EndProject
Project("{FAE04EC0-301F-11D3-BF4B-00C04F79EFBC}") = "Eddyproject.Common", "Eddyproject.Common\Eddyproject.Common.csproj", "{A897DC09-2C95-4CDD-BBFA-0B53A33CDA4C}"
EndProject
Project("{FAE04EC0-301F-11D3-BF4B-00C04F79EFBC}") = "Eddyproject.Infrastructure", "Eddyproject.Infrastructure\Eddyproject.Infrastructure.csproj", "{3CAFFFF9-CAB3-4B50-AD62-B1C98A756DF1}"
EndProject
Global
	GlobalSection(SolutionConfigurationPlatforms) = preSolution
		Debug|Any CPU = Debug|Any CPU
		Release|Any CPU = Release|Any CPU
	EndGlobalSection
	GlobalSection(ProjectConfigurationPlatforms) = postSolution
		{8C28D614-D235-4289-BCCF-5265C4C5283A}.Debug|Any CPU.ActiveCfg = Debug|Any CPU
		{8C28D614-D235-4289-BCCF-5265C4C5283A}.Debug|Any CPU.Build.0 = Debug|Any CPU
		{8C28D614-D235-4289-BCCF-5265C4C5283A}.Release|Any CPU.ActiveCfg = Release|Any CPU
		{8C28D614-D235-4289-BCCF-5265C4C5283A}.Release|Any CPU.Build.0 = Release|Any CPU
		{46511698-8789-4850-BA38-5D89D3E940F7}.Debug|Any CPU.ActiveCfg = Debug|Any CPU
		{46511698-8789-4850-BA38-5D89D3E940F7}.Debug|Any CPU.Build.0 = Debug|Any CPU
		{46511698-8789-4850-BA38-5D89D3E940F7}.Release|Any CPU.ActiveCfg = Release|Any CPU
		{46511698-8789-4850-BA38-5D89D3E940F7}.Release|Any CPU.Build.0 = Release|Any CPU
		{A897DC09-2C95-4CDD-BBFA-0B53A33CDA4C}.Debug|Any CPU.ActiveCfg = Debug|Any CPU
		{A897DC09-2C95-4CDD-BBFA-0B53A33CDA4C}.Debug|Any CPU.Build.0 = Debug|Any CPU
		{A897DC09-2C95-4CDD-BBFA-0B53A33CDA4C}.Release|Any CPU.ActiveCfg = Release|Any CPU
		{A897DC09-2C95-4CDD-BBFA-0B53A33CDA4C}.Release|Any CPU.Build.0 = Release|Any CPU
		{3CAFFFF9-CAB3-4B50-AD62-B1C98A756DF1}.Debug|Any CPU.ActiveCfg = Debug|Any CPU
		{3CAFFFF9-CAB3-4B50-AD62-B1C98A756DF1}.Debug|Any CPU.Build.0 = Debug|Any CPU
		{3CAFFFF9-CAB3-4B50-AD62-B1C98A756DF1}.Release|Any CPU.ActiveCfg = Release|Any CPU
		{3CAFFFF9-CAB3-4B50-AD62-B1C98A756DF1}.Release|Any CPU.Build.0 = Release|Any CPU
	EndGlobalSection
	GlobalSection(SolutionProperties) = preSolution
		HideSolutionNode = FALSE
	EndGlobalSection
	GlobalSection(ExtensibilityGlobals) = postSolution
		SolutionGuid = {74416121-AAEC-4C69-93AC-F1914E827C73}
	EndGlobalSection
EndGlobal
